PODS:
  - AFNetworking (2.6.1):
    - AFNetworking/NSURLConnection (= 2.6.1)
    - AFNetworking/NSURLSession (= 2.6.1)
    - AFNetworking/Reachability (= 2.6.1)
    - AFNetworking/Security (= 2.6.1)
    - AFNetworking/Serialization (= 2.6.1)
    - AFNetworking/UIKit (= 2.6.1)
  - AFNetworking/NSURLConnection (2.6.1):
    - AFNetworking/Reachability
    - AFNetworking/Security
    - AFNetworking/Serialization
  - AFNetworking/NSURLSession (2.6.1):
    - AFNetworking/Reachability
    - AFNetworking/Security
    - AFNetworking/Serialization
  - AFNetworking/Reachability (2.6.1)
  - AFNetworking/Security (2.6.1)
  - AFNetworking/Serialization (2.6.1)
  - AFNetworking/UIKit (2.6.1):
    - AFNetworking/NSURLConnection
    - AFNetworking/NSURLSession
  - Alamofire (2.0.2)
  - HanekeSwift (0.9.1)
  - JLToast (1.3.2)
  - SwiftKeychainWrapper (1.0.11)
  - SwiftSpinner (0.7.1)
  - SwiftValidator (3.0.1)
  - XLForm (3.0.2)

DEPENDENCIES:
  - AFNetworking (~> 2.5)
  - Alamofire (~> 2.0.0)
  - HanekeSwift (from `https://github.com/meteochu/HanekeSwift.git`, branch `swift-2.0`)
  - JLToast (~> 1.3)
  - SwiftKeychainWrapper (from `https://github.com/jrendel/SwiftKeychainWrapper`,
    branch `master`)
  - SwiftSpinner (from `https://github.com/zbeckman/SwiftSpinner.git`)
  - SwiftValidator (= 3.0.1)
  - XLForm (~> 3.0)

EXTERNAL SOURCES:
  HanekeSwift:
    :branch: swift-2.0
    :git: https://github.com/meteochu/HanekeSwift.git
  SwiftKeychainWrapper:
    :branch: master
    :git: https://github.com/jrendel/SwiftKeychainWrapper
  SwiftSpinner:
    :git: https://github.com/zbeckman/SwiftSpinner.git

CHECKOUT OPTIONS:
  HanekeSwift:
    :commit: f87220fccba7810955fe5392ebd492a5c9baf050
    :git: https://github.com/meteochu/HanekeSwift.git
  SwiftKeychainWrapper:
    :commit: bc1b40f52fee59adae65470a02a4b7ca6d3f18ba
    :git: https://github.com/jrendel/SwiftKeychainWrapper
  SwiftSpinner:
    :commit: 0ec088f1170be216181bbb4d7bca6f3cc972962c
    :git: https://github.com/zbeckman/SwiftSpinner.git

SPEC CHECKSUMS:
  AFNetworking: 8e4e60500beb8bec644cf575beee72990a76d399
  Alamofire: 8edbab00802a752bb5240cc2abe70e7e881488ad
  HanekeSwift: 50d37bfbc4432edc649167e538c259feccb4a2bb
  JLToast: e76b9f82ca29aef98993053302e5a9c49ed905a4
  SwiftKeychainWrapper: 011a6946923948ffa49708014dd691164d7621d1
  SwiftSpinner: 19a31d2b4d3166de6c7244d7581b3cee20dbe4bf
  SwiftValidator: c59223144754045d7691febdc3b3ecc2e73b609c
  XLForm: 7817ce29f3f259186e837bb7309ac7e5b7e9b883

COCOAPODS: 0.38.0.beta.2
